
Microsoft Visual Studio Solution File, Format Version 12.00
# Visual Studio Version 16
VisualStudioVersion = 16.0.31702.278
MinimumVisualStudioVersion = 10.0.40219.1
Project("{9A19103F-16F7-4668-BE54-9A1E7A4F7556}") = "DotNetCoreAPI", "DotNetCoreAPI\DotNetCoreAPI.csproj", "{60D959D7-1963-4D19-8644-6319FB147399}"
EndProject
Project("{FAE04EC0-301F-11D3-BF4B-00C04F79EFBC}") = "API_Repository", "API_Repository\API_Repository.csproj", "{B555B11C-BC9D-4E35-BB5E-607417656A6B}"
EndProject
Global
	GlobalSection(SolutionConfigurationPlatforms) = preSolution
		Debug|Any CPU = Debug|Any CPU
		Release|Any CPU = Release|Any CPU
	EndGlobalSection
	GlobalSection(ProjectConfigurationPlatforms) = postSolution
		{60D959D7-1963-4D19-8644-6319FB147399}.Debug|Any CPU.ActiveCfg = Debug|Any CPU
		{60D959D7-1963-4D19-8644-6319FB147399}.Debug|Any CPU.Build.0 = Debug|Any CPU
		{60D959D7-1963-4D19-8644-6319FB147399}.Release|Any CPU.ActiveCfg = Release|Any CPU
		{60D959D7-1963-4D19-8644-6319FB147399}.Release|Any CPU.Build.0 = Release|Any CPU
		{B555B11C-BC9D-4E35-BB5E-607417656A6B}.Debug|Any CPU.ActiveCfg = Debug|Any CPU
		{B555B11C-BC9D-4E35-BB5E-607417656A6B}.Debug|Any CPU.Build.0 = Debug|Any CPU
		{B555B11C-BC9D-4E35-BB5E-607417656A6B}.Release|Any CPU.ActiveCfg = Release|Any CPU
		{B555B11C-BC9D-4E35-BB5E-607417656A6B}.Release|Any CPU.Build.0 = Release|Any CPU
	EndGlobalSection
	GlobalSection(SolutionProperties) = preSolution
		HideSolutionNode = FALSE
	EndGlobalSection
	GlobalSection(ExtensibilityGlobals) = postSolution
		SolutionGuid = {0C260289-6765-42C1-8F8F-A85DAA7D79CB}
	EndGlobalSection
EndGlobal
